version: 1.0
shards:
  kemal:
    github: kemalcr/kemal
    commit: 731b2e0d5bb41d370f9848e44972463d0accb0ae

  kilt:
    github: jeromegn/kilt
    version: 0.4.0

  mongo:
    github: datanoise/mongo.cr
    commit: 30117a7c9d3eab81557ad0ae833f7109c4e6cabc

  radix:
    github: luislavena/radix
    version: 0.3.8

